// !$*UTF8*$!
{
	archiveVersion = 1;
	classes = {
	};
	objectVersion = 46;
	objects = {

/* Begin PBXBuildFile section */
		A22BC6F61BF499020077D6E4 /* main.m in Sources */ = {isa = PBXBuildFile; fileRef = A22BC6F51BF499020077D6E4 /* main.m */; };
		A22BC6F91BF499020077D6E4 /* AppDelegate.m in Sources */ = {isa = PBXBuildFile; fileRef = A22BC6F81BF499020077D6E4 /* AppDelegate.m */; };
		A22BC7011BF499020077D6E4 /* Assets.xcassets in Resources */ = {isa = PBXBuildFile; fileRef = A22BC7001BF499020077D6E4 /* Assets.xcassets */; };
		A22BC7041BF499020077D6E4 /* LaunchScreen.storyboard in Resources */ = {isa = PBXBuildFile; fileRef = A22BC7021BF499020077D6E4 /* LaunchScreen.storyboard */; };
		A22BC70D1BF499610077D6E4 /* DPVideoNavigationViewController.m in Sources */ = {isa = PBXBuildFile; fileRef = A22BC70C1BF499610077D6E4 /* DPVideoNavigationViewController.m */; };
		A22BC7181BF49C5F0077D6E4 /* CoreMedia.framework in Frameworks */ = {isa = PBXBuildFile; fileRef = A22BC7171BF49C5F0077D6E4 /* CoreMedia.framework */; };
		A22BC71A1BF49CF20077D6E4 /* AVFoundation.framework in Frameworks */ = {isa = PBXBuildFile; fileRef = A22BC7191BF49CF20077D6E4 /* AVFoundation.framework */; };
		A22BC7341BF49F280077D6E4 /* MASCompositeConstraint.m in Sources */ = {isa = PBXBuildFile; fileRef = A22BC71E1BF49F280077D6E4 /* MASCompositeConstraint.m */; };
		A22BC7351BF49F280077D6E4 /* MASConstraint.m in Sources */ = {isa = PBXBuildFile; fileRef = A22BC7211BF49F280077D6E4 /* MASConstraint.m */; };
		A22BC7361BF49F280077D6E4 /* MASConstraintMaker.m in Sources */ = {isa = PBXBuildFile; fileRef = A22BC7231BF49F280077D6E4 /* MASConstraintMaker.m */; };
		A22BC7371BF49F280077D6E4 /* MASLayoutConstraint.m in Sources */ = {isa = PBXBuildFile; fileRef = A22BC7251BF49F280077D6E4 /* MASLayoutConstraint.m */; };
		A22BC7381BF49F280077D6E4 /* MASViewAttribute.m in Sources */ = {isa = PBXBuildFile; fileRef = A22BC7291BF49F280077D6E4 /* MASViewAttribute.m */; };
		A22BC7391BF49F280077D6E4 /* MASViewConstraint.m in Sources */ = {isa = PBXBuildFile; fileRef = A22BC72B1BF49F280077D6E4 /* MASViewConstraint.m */; };
		A22BC73A1BF49F280077D6E4 /* NSArray+MASAdditions.m in Sources */ = {isa = PBXBuildFile; fileRef = A22BC72D1BF49F280077D6E4 /* NSArray+MASAdditions.m */; };
		A22BC73B1BF49F280077D6E4 /* NSLayoutConstraint+MASDebugAdditions.m in Sources */ = {isa = PBXBuildFile; fileRef = A22BC7301BF49F280077D6E4 /* NSLayoutConstraint+MASDebugAdditions.m */; };
		A22BC73C1BF49F280077D6E4 /* View+MASAdditions.m in Sources */ = {isa = PBXBuildFile; fileRef = A22BC7321BF49F280077D6E4 /* View+MASAdditions.m */; };
		A22BC7401BF4A1EE0077D6E4 /* DPMoviePlayerView.m in Sources */ = {isa = PBXBuildFile; fileRef = A22BC73F1BF4A1EE0077D6E4 /* DPMoviePlayerView.m */; settings = {COMPILER_FLAGS = "-fno-objc-arc"; }; };
		A22BC7441BF4A5200077D6E4 /* DPLoginViewController.m in Sources */ = {isa = PBXBuildFile; fileRef = A22BC7431BF4A5200077D6E4 /* DPLoginViewController.m */; };
		A22BC7491BF581060077D6E4 /* test.mp4 in Resources */ = {isa = PBXBuildFile; fileRef = A22BC7481BF581060077D6E4 /* test.mp4 */; };
/* End PBXBuildFile section */

/* Begin PBXFileReference section */
		A22BC6F11BF499020077D6E4 /* DPVideoBackGroundViewControllerDemo.app */ = {isa = PBXFileReference; explicitFileType = wrapper.application; includeInIndex = 0; path = DPVideoBackGroundViewControllerDemo.app; sourceTree = BUILT_PRODUCTS_DIR; };
		A22BC6F51BF499020077D6E4 /* main.m */ = {isa = PBXFileReference; lastKnownFileType = sourcecode.c.objc; path = main.m; sourceTree = "<group>"; };
		A22BC6F71BF499020077D6E4 /* AppDelegate.h */ = {isa = PBXFileReference; lastKnownFileType = sourcecode.c.h; path = AppDelegate.h; sourceTree = "<group>"; };
		A22BC6F81BF499020077D6E4 /* AppDelegate.m */ = {isa = PBXFileReference; lastKnownFileType = sourcecode.c.objc; path = AppDelegate.m; sourceTree = "<group>"; };
		A22BC7001BF499020077D6E4 /* Assets.xcassets */ = {isa = PBXFileReference; lastKnownFileType = folder.assetcatalog; path = Assets.xcassets; sourceTree = "<group>"; };
		A22BC7031BF499020077D6E4 /* Base */ = {isa = PBXFileReference; lastKnownFileType = file.storyboard; name = Base; path = Base.lproj/LaunchScreen.storyboard; sourceTree = "<group>"; };
		A22BC7051BF499020077D6E4 /* Info.plist */ = {isa = PBXFileReference; lastKnownFileType = text.plist.xml; path = Info.plist; sourceTree = "<group>"; };
		A22BC70B1BF499610077D6E4 /* DPVideoNavigationViewController.h */ = {isa = PBXFileReference; fileEncoding = 4; lastKnownFileType = sourcecode.c.h; path = DPVideoNavigationViewController.h; sourceTree = "<group>"; };
		A22BC70C1BF499610077D6E4 /* DPVideoNavigationViewController.m */ = {isa = PBXFileReference; fileEncoding = 4; lastKnownFileType = sourcecode.c.objc; path = DPVideoNavigationViewController.m; sourceTree = "<group>"; };
		A22BC7171BF49C5F0077D6E4 /* CoreMedia.framework */ = {isa = PBXFileReference; lastKnownFileType = wrapper.framework; name = CoreMedia.framework; path = System/Library/Frameworks/CoreMedia.framework; sourceTree = SDKROOT; };
		A22BC7191BF49CF20077D6E4 /* AVFoundation.framework */ = {isa = PBXFileReference; lastKnownFileType = wrapper.framework; name = AVFoundation.framework; path = System/Library/Frameworks/AVFoundation.framework; sourceTree = SDKROOT; };
		A22BC71D1BF49F280077D6E4 /* MASCompositeConstraint.h */ = {isa = PBXFileReference; fileEncoding = 4; lastKnownFileType = sourcecode.c.h; path = MASCompositeConstraint.h; sourceTree = "<group>"; };
		A22BC71E1BF49F280077D6E4 /* MASCompositeConstraint.m */ = {isa = PBXFileReference; fileEncoding = 4; lastKnownFileType = sourcecode.c.objc; path = MASCompositeConstraint.m; sourceTree = "<group>"; };
		A22BC71F1BF49F280077D6E4 /* MASConstraint+Private.h */ = {isa = PBXFileReference; fileEncoding = 4; lastKnownFileType = sourcecode.c.h; path = "MASConstraint+Private.h"; sourceTree = "<group>"; };
		A22BC7201BF49F280077D6E4 /* MASConstraint.h */ = {isa = PBXFileReference; fileEncoding = 4; lastKnownFileType = sourcecode.c.h; path = MASConstraint.h; sourceTree = "<group>"; };
		A22BC7211BF49F280077D6E4 /* MASConstraint.m */ = {isa = PBXFileReference; fileEncoding = 4; lastKnownFileType = sourcecode.c.objc; path = MASConstraint.m; sourceTree = "<group>"; };
		A22BC7221BF49F280077D6E4 /* MASConstraintMaker.h */ = {isa = PBXFileReference; fileEncoding = 4; lastKnownFileType = sourcecode.c.h; path = MASConstraintMaker.h; sourceTree = "<group>"; };
		A22BC7231BF49F280077D6E4 /* MASConstraintMaker.m */ = {isa = PBXFileReference; fileEncoding = 4; lastKnownFileType = sourcecode.c.objc; path = MASConstraintMaker.m; sourceTree = "<group>"; };
		A22BC7241BF49F280077D6E4 /* MASLayoutConstraint.h */ = {isa = PBXFileReference; fileEncoding = 4; lastKnownFileType = sourcecode.c.h; path = MASLayoutConstraint.h; sourceTree = "<group>"; };
		A22BC7251BF49F280077D6E4 /* MASLayoutConstraint.m */ = {isa = PBXFileReference; fileEncoding = 4; lastKnownFileType = sourcecode.c.objc; path = MASLayoutConstraint.m; sourceTree = "<group>"; };
		A22BC7261BF49F280077D6E4 /* Masonry.h */ = {isa = PBXFileReference; fileEncoding = 4; lastKnownFileType = sourcecode.c.h; path = Masonry.h; sourceTree = "<group>"; };
		A22BC7271BF49F280077D6E4 /* MASUtilities.h */ = {isa = PBXFileReference; fileEncoding = 4; lastKnownFileType = sourcecode.c.h; path = MASUtilities.h; sourceTree = "<group>"; };
		A22BC7281BF49F280077D6E4 /* MASViewAttribute.h */ = {isa = PBXFileReference; fileEncoding = 4; lastKnownFileType = sourcecode.c.h; path = MASViewAttribute.h; sourceTree = "<group>"; };
		A22BC7291BF49F280077D6E4 /* MASViewAttribute.m */ = {isa = PBXFileReference; fileEncoding = 4; lastKnownFileType = sourcecode.c.objc; path = MASViewAttribute.m; sourceTree = "<group>"; };
		A22BC72A1BF49F280077D6E4 /* MASViewConstraint.h */ = {isa = PBXFileReference; fileEncoding = 4; lastKnownFileType = sourcecode.c.h; path = MASViewConstraint.h; sourceTree = "<group>"; };
		A22BC72B1BF49F280077D6E4 /* MASViewConstraint.m */ = {isa = PBXFileReference; fileEncoding = 4; lastKnownFileType = sourcecode.c.objc; path = MASViewConstraint.m; sourceTree = "<group>"; };
		A22BC72C1BF49F280077D6E4 /* NSArray+MASAdditions.h */ = {isa = PBXFileReference; fileEncoding = 4; lastKnownFileType = sourcecode.c.h; path = "NSArray+MASAdditions.h"; sourceTree = "<group>"; };
		A22BC72D1BF49F280077D6E4 /* NSArray+MASAdditions.m */ = {isa = PBXFileReference; fileEncoding = 4; lastKnownFileType = sourcecode.c.objc; path = "NSArray+MASAdditions.m"; sourceTree = "<group>"; };
		A22BC72E1BF49F280077D6E4 /* NSArray+MASShorthandAdditions.h */ = {isa = PBXFileReference; fileEncoding = 4; lastKnownFileType = sourcecode.c.h; path = "NSArray+MASShorthandAdditions.h"; sourceTree = "<group>"; };
		A22BC72F1BF49F280077D6E4 /* NSLayoutConstraint+MASDebugAdditions.h */ = {isa = PBXFileReference; fileEncoding = 4; lastKnownFileType = sourcecode.c.h; path = "NSLayoutConstraint+MASDebugAdditions.h"; sourceTree = "<group>"; };
		A22BC7301BF49F280077D6E4 /* NSLayoutConstraint+MASDebugAdditions.m */ = {isa = PBXFileReference; fileEncoding = 4; lastKnownFileType = sourcecode.c.objc; path = "NSLayoutConstraint+MASDebugAdditions.m"; sourceTree = "<group>"; };
		A22BC7311BF49F280077D6E4 /* View+MASAdditions.h */ = {isa = PBXFileReference; fileEncoding = 4; lastKnownFileType = sourcecode.c.h; path = "View+MASAdditions.h"; sourceTree = "<group>"; };
		A22BC7321BF49F280077D6E4 /* View+MASAdditions.m */ = {isa = PBXFileReference; fileEncoding = 4; lastKnownFileType = sourcecode.c.objc; path = "View+MASAdditions.m"; sourceTree = "<group>"; };
		A22BC7331BF49F280077D6E4 /* View+MASShorthandAdditions.h */ = {isa = PBXFileReference; fileEncoding = 4; lastKnownFileType = sourcecode.c.h; path = "View+MASShorthandAdditions.h"; sourceTree = "<group>"; };
		A22BC73E1BF4A1EE0077D6E4 /* DPMoviePlayerView.h */ = {isa = PBXFileReference; fileEncoding = 4; lastKnownFileType = sourcecode.c.h; path = DPMoviePlayerView.h; sourceTree = "<group>"; };
		A22BC73F1BF4A1EE0077D6E4 /* DPMoviePlayerView.m */ = {isa = PBXFileReference; fileEncoding = 4; lastKnownFileType = sourcecode.c.objc; path = DPMoviePlayerView.m; sourceTree = "<group>"; };
		A22BC7411BF4A4190077D6E4 /* DPVideoBackGroundViewControllerDemo-Prefix.pch */ = {isa = PBXFileReference; fileEncoding = 4; lastKnownFileType = sourcecode.c.h; path = "DPVideoBackGroundViewControllerDemo-Prefix.pch"; sourceTree = "<group>"; };
		A22BC7421BF4A5200077D6E4 /* DPLoginViewController.h */ = {isa = PBXFileReference; fileEncoding = 4; lastKnownFileType = sourcecode.c.h; path = DPLoginViewController.h; sourceTree = "<group>"; };
		A22BC7431BF4A5200077D6E4 /* DPLoginViewController.m */ = {isa = PBXFileReference; fileEncoding = 4; lastKnownFileType = sourcecode.c.objc; path = DPLoginViewController.m; sourceTree = "<group>"; };
		A22BC7481BF581060077D6E4 /* test.mp4 */ = {isa = PBXFileReference; lastKnownFileType = file; path = test.mp4; sourceTree = "<group>"; };
/* End PBXFileReference section */

/* Begin PBXFrameworksBuildPhase section */
		A22BC6EE1BF499020077D6E4 /* Frameworks */ = {
			isa = PBXFrameworksBuildPhase;
			buildActionMask = 2147483647;
			files = (
				A22BC71A1BF49CF20077D6E4 /* AVFoundation.framework in Frameworks */,
				A22BC7181BF49C5F0077D6E4 /* CoreMedia.framework in Frameworks */,
			);
			runOnlyForDeploymentPostprocessing = 0;
		};
/* End PBXFrameworksBuildPhase section */

/* Begin PBXGroup section */
		A22BC6E81BF499020077D6E4 = {
			isa = PBXGroup;
			children = (
				A22BC6F31BF499020077D6E4 /* DPVideoBackGroundViewControllerDemo */,
				A22BC6F21BF499020077D6E4 /* Products */,
			);
			sourceTree = "<group>";
		};
		A22BC6F21BF499020077D6E4 /* Products */ = {
			isa = PBXGroup;
			children = (
				A22BC6F11BF499020077D6E4 /* DPVideoBackGroundViewControllerDemo.app */,
			);
			name = Products;
			sourceTree = "<group>";
		};
		A22BC6F31BF499020077D6E4 /* DPVideoBackGroundViewControllerDemo */ = {
			isa = PBXGroup;
			children = (
				A22BC6F71BF499020077D6E4 /* AppDelegate.h */,
				A22BC6F81BF499020077D6E4 /* AppDelegate.m */,
				A22BC70B1BF499610077D6E4 /* DPVideoNavigationViewController.h */,
				A22BC70C1BF499610077D6E4 /* DPVideoNavigationViewController.m */,
				A22BC7421BF4A5200077D6E4 /* DPLoginViewController.h */,
				A22BC7431BF4A5200077D6E4 /* DPLoginViewController.m */,
				A22BC73D1BF4A1EE0077D6E4 /* Player */,
				A22BC71C1BF49F280077D6E4 /* Masonry */,
				A22BC7001BF499020077D6E4 /* Assets.xcassets */,
				A22BC7021BF499020077D6E4 /* LaunchScreen.storyboard */,
				A22BC7481BF581060077D6E4 /* test.mp4 */,
				A22BC7471BF57B1B0077D6E4 /* frameworks */,
				A22BC6F41BF499020077D6E4 /* Supporting Files */,
			);
			path = DPVideoBackGroundViewControllerDemo;
			sourceTree = "<group>";
		};
		A22BC6F41BF499020077D6E4 /* Supporting Files */ = {
			isa = PBXGroup;
			children = (
				A22BC6F51BF499020077D6E4 /* main.m */,
				A22BC7051BF499020077D6E4 /* Info.plist */,
				A22BC7411BF4A4190077D6E4 /* DPVideoBackGroundViewControllerDemo-Prefix.pch */,
			);
			name = "Supporting Files";
			sourceTree = "<group>";
		};
		A22BC71C1BF49F280077D6E4 /* Masonry */ = {
			isa = PBXGroup;
			children = (
				A22BC71D1BF49F280077D6E4 /* MASCompositeConstraint.h */,
				A22BC71E1BF49F280077D6E4 /* MASCompositeConstraint.m */,
				A22BC71F1BF49F280077D6E4 /* MASConstraint+Private.h */,
				A22BC7201BF49F280077D6E4 /* MASConstraint.h */,
				A22BC7211BF49F280077D6E4 /* MASConstraint.m */,
				A22BC7221BF49F280077D6E4 /* MASConstraintMaker.h */,
				A22BC7231BF49F280077D6E4 /* MASConstraintMaker.m */,
				A22BC7241BF49F280077D6E4 /* MASLayoutConstraint.h */,
				A22BC7251BF49F280077D6E4 /* MASLayoutConstraint.m */,
				A22BC7261BF49F280077D6E4 /* Masonry.h */,
				A22BC7271BF49F280077D6E4 /* MASUtilities.h */,
				A22BC7281BF49F280077D6E4 /* MASViewAttribute.h */,
				A22BC7291BF49F280077D6E4 /* MASViewAttribute.m */,
				A22BC72A1BF49F280077D6E4 /* MASViewConstraint.h */,
				A22BC72B1BF49F280077D6E4 /* MASViewConstraint.m */,
				A22BC72C1BF49F280077D6E4 /* NSArray+MASAdditions.h */,
				A22BC72D1BF49F280077D6E4 /* NSArray+MASAdditions.m */,
				A22BC72E1BF49F280077D6E4 /* NSArray+MASShorthandAdditions.h */,
				A22BC72F1BF49F280077D6E4 /* NSLayoutConstraint+MASDebugAdditions.h */,
				A22BC7301BF49F280077D6E4 /* NSLayoutConstraint+MASDebugAdditions.m */,
				A22BC7311BF49F280077D6E4 /* View+MASAdditions.h */,
				A22BC7321BF49F280077D6E4 /* View+MASAdditions.m */,
				A22BC7331BF49F280077D6E4 /* View+MASShorthandAdditions.h */,
			);
			path = Masonry;
			sourceTree = "<group>";
		};
		A22BC73D1BF4A1EE0077D6E4 /* Player */ = {
			isa = PBXGroup;
			children = (
				A22BC73E1BF4A1EE0077D6E4 /* DPMoviePlayerView.h */,
				A22BC73F1BF4A1EE0077D6E4 /* DPMoviePlayerView.m */,
			);
			path = Player;
			sourceTree = "<group>";
		};
		A22BC7471BF57B1B0077D6E4 /* frameworks */ = {
			isa = PBXGroup;
			children = (
				A22BC7191BF49CF20077D6E4 /* AVFoundation.framework */,
				A22BC7171BF49C5F0077D6E4 /* CoreMedia.framework */,
			);
			name = frameworks;
			sourceTree = "<group>";
		};
/* End PBXGroup section */

/* Begin PBXNativeTarget section */
		A22BC6F01BF499020077D6E4 /* DPVideoBackGroundViewControllerDemo */ = {
			isa = PBXNativeTarget;
			buildConfigurationList = A22BC7081BF499020077D6E4 /* Build configuration list for PBXNativeTarget "DPVideoBackGroundViewControllerDemo" */;
			buildPhases = (
				A22BC6ED1BF499020077D6E4 /* Sources */,
				A22BC6EE1BF499020077D6E4 /* Frameworks */,
				A22BC6EF1BF499020077D6E4 /* Resources */,
			);
			buildRules = (
			);
			dependencies = (
			);
			name = DPVideoBackGroundViewControllerDemo;
			productName = DPVideoBackGroundViewControllerDemo;
			productReference = A22BC6F11BF499020077D6E4 /* DPVideoBackGroundViewControllerDemo.app */;
			productType = "com.apple.product-type.application";
		};
/* End PBXNativeTarget section */

/* Begin PBXProject section */
		A22BC6E91BF499020077D6E4 /* Project object */ = {
			isa = PBXProject;
			attributes = {
				LastUpgradeCheck = 0710;
				ORGANIZATIONNAME = yxw;
				TargetAttributes = {
					A22BC6F01BF499020077D6E4 = {
						CreatedOnToolsVersion = 7.1;
					};
				};
			};
			buildConfigurationList = A22BC6EC1BF499020077D6E4 /* Build configuration list for PBXProject "DPVideoBackGroundViewControllerDemo" */;
			compatibilityVersion = "Xcode 3.2";
			developmentRegion = English;
			hasScannedForEncodings = 0;
			knownRegions = (
				en,
				Base,
			);
			mainGroup = A22BC6E81BF499020077D6E4;
			productRefGroup = A22BC6F21BF499020077D6E4 /* Products */;
			projectDirPath = "";
			projectRoot = "";
			targets = (
				A22BC6F01BF499020077D6E4 /* DPVideoBackGroundViewControllerDemo */,
			);
		};
/* End PBXProject section */

/* Begin PBXResourcesBuildPhase section */
		A22BC6EF1BF499020077D6E4 /* Resources */ = {
			isa = PBXResourcesBuildPhase;
			buildActionMask = 2147483647;
			files = (
				A22BC7041BF499020077D6E4 /* LaunchScreen.storyboard in Resources */,
				A22BC7491BF581060077D6E4 /* test.mp4 in Resources */,
				A22BC7011BF499020077D6E4 /* Assets.xcassets in Resources */,
			);
			runOnlyForDeploymentPostprocessing = 0;
		};
/* End PBXResourcesBuildPhase section */

/* Begin PBXSourcesBuildPhase section */
		A22BC6ED1BF499020077D6E4 /* Sources */ = {
			isa = PBXSourcesBuildPhase;
			buildActionMask = 2147483647;
			files = (
				A22BC73B1BF49F280077D6E4 /* NSLayoutConstraint+MASDebugAdditions.m in Sources */,
				A22BC7401BF4A1EE0077D6E4 /* DPMoviePlayerView.m in Sources */,
				A22BC7391BF49F280077D6E4 /* MASViewConstraint.m in Sources */,
				A22BC6F91BF499020077D6E4 /* AppDelegate.m in Sources */,
				A22BC70D1BF499610077D6E4 /* DPVideoNavigationViewController.m in Sources */,
				A22BC73C1BF49F280077D6E4 /* View+MASAdditions.m in Sources */,
				A22BC7341BF49F280077D6E4 /* MASCompositeConstraint.m in Sources */,
				A22BC7381BF49F280077D6E4 /* MASViewAttribute.m in Sources */,
				A22BC7361BF49F280077D6E4 /* MASConstraintMaker.m in Sources */,
				A22BC73A1BF49F280077D6E4 /* NSArray+MASAdditions.m in Sources */,
				A22BC7351BF49F280077D6E4 /* MASConstraint.m in Sources */,
				A22BC7371BF49F280077D6E4 /* MASLayoutConstraint.m in Sources */,
				A22BC7441BF4A5200077D6E4 /* DPLoginViewController.m in Sources */,
				A22BC6F61BF499020077D6E4 /* main.m in Sources */,
			);
			runOnlyForDeploymentPostprocessing = 0;
		};
/* End PBXSourcesBuildPhase section */

/* Begin PBXVariantGroup section */
		A22BC7021BF499020077D6E4 /* LaunchScreen.storyboard */ = {
			isa = PBXVariantGroup;
			children = (
				A22BC7031BF499020077D6E4 /* Base */,
			);
			name = LaunchScreen.storyboard;
			sourceTree = "<group>";
		};
/* End PBXVariantGroup section */

/* Begin XCBuildConfiguration section */
		A22BC7061BF499020077D6E4 /* Debug */ = {
			isa = XCBuildConfiguration;
			buildSettings = {
				ALWAYS_SEARCH_USER_PATHS = NO;
				CLANG_CXX_LANGUAGE_STANDARD = "gnu++0x";
				CLANG_CXX_LIBRARY = "libc++";
				CLANG_ENABLE_MODULES = YES;
				CLANG_ENABLE_OBJC_ARC = YES;
				CLANG_WARN_BOOL_CONVERSION = YES;
				CLANG_WARN_CONSTANT_CONVERSION = YES;
				CLANG_WARN_DIRECT_OBJC_ISA_USAGE = YES_ERROR;
				CLANG_WARN_EMPTY_BODY = YES;
				CLANG_WARN_ENUM_CONVERSION = YES;
				CLANG_WARN_INT_CONVERSION = YES;
				CLANG_WARN_OBJC_ROOT_CLASS = YES_ERROR;
				CLANG_WARN_UNREACHABLE_CODE = YES;
				CLANG_WARN__DUPLICATE_METHOD_MATCH = YES;
				"CODE_SIGN_IDENTITY[sdk=iphoneos*]" = "iPhone Developer";
				COPY_PHASE_STRIP = NO;
				DEBUG_INFORMATION_FORMAT = dwarf;
				ENABLE_STRICT_OBJC_MSGSEND = YES;
				ENABLE_TESTABILITY = YES;
				GCC_C_LANGUAGE_STANDARD = gnu99;
				GCC_DYNAMIC_NO_PIC = NO;
				GCC_NO_COMMON_BLOCKS = YES;
				GCC_OPTIMIZATION_LEVEL = 0;
				GCC_PREPROCESSOR_DEFINITIONS = (
					"DEBUG=1",
					"$(inherited)",
				);
				GCC_WARN_64_TO_32_BIT_CONVERSION = YES;
				GCC_WARN_ABOUT_RETURN_TYPE = YES_ERROR;
				GCC_WARN_UNDECLARED_SELECTOR = YES;
				GCC_WARN_UNINITIALIZED_AUTOS = YES_AGGRESSIVE;
				GCC_WARN_UNUSED_FUNCTION = YES;
				GCC_WARN_UNUSED_VARIABLE = YES;
				IPHONEOS_DEPLOYMENT_TARGET = 7.0;
				MTL_ENABLE_DEBUG_INFO = YES;
				ONLY_ACTIVE_ARCH = YES;
				SDKROOT = iphoneos;
			};
			name = Debug;
		};
		A22BC7071BF499020077D6E4 /* Release */ = {
			isa = XCBuildConfiguration;
			buildSettings = {
				ALWAYS_SEARCH_USER_PATHS = NO;
				CLANG_CXX_LANGUAGE_STANDARD = "gnu++0x";
				CLANG_CXX_LIBRARY = "libc++";
				CLANG_ENABLE_MODULES = YES;
				CLANG_ENABLE_OBJC_ARC = YES;
				CLANG_WARN_BOOL_CONVERSION = YES;
				CLANG_WARN_CONSTANT_CONVERSION = YES;
				CLANG_WARN_DIRECT_OBJC_ISA_USAGE = YES_ERROR;
				CLANG_WARN_EMPTY_BODY = YES;
				CLANG_WARN_ENUM_CONVERSION = YES;
				CLANG_WARN_INT_CONVERSION = YES;
				CLANG_WARN_OBJC_ROOT_CLASS = YES_ERROR;
				CLANG_WARN_UNREACHABLE_CODE = YES;
				CLANG_WARN__DUPLICATE_METHOD_MATCH = YES;
				"CODE_SIGN_IDENTITY[sdk=iphoneos*]" = "iPhone Developer";
				COPY_PHASE_STRIP = NO;
				DEBUG_INFORMATION_FORMAT = "dwarf-with-dsym";
				ENABLE_NS_ASSERTIONS = NO;
				ENABLE_STRICT_OBJC_MSGSEND = YES;
				GCC_C_LANGUAGE_STANDARD = gnu99;
				GCC_NO_COMMON_BLOCKS = YES;
				GCC_WARN_64_TO_32_BIT_CONVERSION = YES;
				GCC_WARN_ABOUT_RETURN_TYPE = YES_ERROR;
				GCC_WARN_UNDECLARED_SELECTOR = YES;
				GCC_WARN_UNINITIALIZED_AUTOS = YES_AGGRESSIVE;
				GCC_WARN_UNUSED_FUNCTION = YES;
				GCC_WARN_UNUSED_VARIABLE = YES;
				IPHONEOS_DEPLOYMENT_TARGET = 7.0;
				MTL_ENABLE_DEBUG_INFO = NO;
				SDKROOT = iphoneos;
				VALIDATE_PRODUCT = YES;
			};
			name = Release;
		};
		A22BC7091BF499020077D6E4 /* Debug */ = {
			isa = XCBuildConfiguration;
			buildSettings = {
				ASSETCATALOG_COMPILER_APPICON_NAME = AppIcon;
				GCC_PRECOMPILE_PREFIX_HEADER = YES;
				GCC_PREFIX_HEADER = "$(SRCROOT)/DPVideoBackGroundViewControllerDemo/DPVideoBackGroundViewControllerDemo-Prefix.pch";
				INFOPLIST_FILE = DPVideoBackGroundViewControllerDemo/Info.plist;
				IPHONEOS_DEPLOYMENT_TARGET = 7.0;
				LD_RUNPATH_SEARCH_PATHS = "$(inherited) @executable_path/Frameworks";
				PRODUCT_BUNDLE_IDENTIFIER = yxw.DPVideoBackGroundViewControllerDemo;
				PRODUCT_NAME = "$(TARGET_NAME)";
			};
			name = Debug;
		};
		A22BC70A1BF499020077D6E4 /* Release */ = {
			isa = XCBuildConfiguration;
			buildSettings = {
				ASSETCATALOG_COMPILER_APPICON_NAME = AppIcon;
				GCC_PRECOMPILE_PREFIX_HEADER = YES;
				GCC_PREFIX_HEADER = "$(SRCROOT)/DPVideoBackGroundViewControllerDemo/DPVideoBackGroundViewControllerDemo-Prefix.pch";
				INFOPLIST_FILE = DPVideoBackGroundViewControllerDemo/Info.plist;
				IPHONEOS_DEPLOYMENT_TARGET = 7.0;
				LD_RUNPATH_SEARCH_PATHS = "$(inherited) @executable_path/Frameworks";
				PRODUCT_BUNDLE_IDENTIFIER = yxw.DPVideoBackGroundViewControllerDemo;
				PRODUCT_NAME = "$(TARGET_NAME)";
			};
			name = Release;
		};
/* End XCBuildConfiguration section */

/* Begin XCConfigurationList section */
		A22BC6EC1BF499020077D6E4 /* Build configuration list for PBXProject "DPVideoBackGroundViewControllerDemo" */ = {
			isa = XCConfigurationList;
			buildConfigurations = (
				A22BC7061BF499020077D6E4 /* Debug */,
				A22BC7071BF499020077D6E4 /* Release */,
			);
			defaultConfigurationIsVisible = 0;
			defaultConfigurationName = Release;
		};
		A22BC7081BF499020077D6E4 /* Build configuration list for PBXNativeTarget "DPVideoBackGroundViewControllerDemo" */ = {
			isa = XCConfigurationList;
			buildConfigurations = (
				A22BC7091BF499020077D6E4 /* Debug */,
				A22BC70A1BF499020077D6E4 /* Release */,
			);
			defaultConfigurationIsVisible = 0;
			defaultConfigurationName = Release;
		};
/* End XCConfigurationList section */
	};
	rootObject = A22BC6E91BF499020077D6E4 /* Project object */;
}
